
Microsoft Visual Studio Solution File, Format Version 12.00
# Visual Studio Version 17
VisualStudioVersion = 17.14.36127.28 d17.14
MinimumVisualStudioVersion = 10.0.40219.1
Project("{FAE04EC0-301F-11D3-BF4B-00C04F79EFBC}") = "Qinshift.Class13", "Qinshift.Class13\Qinshift.Class13.csproj", "{F4A71EE6-62B0-4AB7-B99B-261877262362}"
EndProject
Project("{FAE04EC0-301F-11D3-BF4B-00C04F79EFBC}") = "Qinshift.WinFormAsyincAwait", "Qinshift.WinFormAsyincAwait\Qinshift.WinFormAsyincAwait.csproj", "{F2911997-96B6-4E7F-B197-343BC1CBA2A0}"
EndProject
Global
	GlobalSection(SolutionConfigurationPlatforms) = preSolution
		Debug|Any CPU = Debug|Any CPU
		Release|Any CPU = Release|Any CPU
	EndGlobalSection
	GlobalSection(ProjectConfigurationPlatforms) = postSolution
		{F4A71EE6-62B0-4AB7-B99B-261877262362}.Debug|Any CPU.ActiveCfg = Debug|Any CPU
		{F4A71EE6-62B0-4AB7-B99B-261877262362}.Debug|Any CPU.Build.0 = Debug|Any CPU
		{F4A71EE6-62B0-4AB7-B99B-261877262362}.Release|Any CPU.ActiveCfg = Release|Any CPU
		{F4A71EE6-62B0-4AB7-B99B-261877262362}.Release|Any CPU.Build.0 = Release|Any CPU
		{F2911997-96B6-4E7F-B197-343BC1CBA2A0}.Debug|Any CPU.ActiveCfg = Debug|Any CPU
		{F2911997-96B6-4E7F-B197-343BC1CBA2A0}.Debug|Any CPU.Build.0 = Debug|Any CPU
		{F2911997-96B6-4E7F-B197-343BC1CBA2A0}.Release|Any CPU.ActiveCfg = Release|Any CPU
		{F2911997-96B6-4E7F-B197-343BC1CBA2A0}.Release|Any CPU.Build.0 = Release|Any CPU
	EndGlobalSection
	GlobalSection(SolutionProperties) = preSolution
		HideSolutionNode = FALSE
	EndGlobalSection
	GlobalSection(ExtensibilityGlobals) = postSolution
		SolutionGuid = {C8423D96-58B1-4171-A808-376E4DE68930}
	EndGlobalSection
EndGlobal
