
Microsoft Visual Studio Solution File, Format Version 12.00
# Visual Studio Version 17
VisualStudioVersion = 17.14.36109.1 d17.14
MinimumVisualStudioVersion = 10.0.40219.1
Project("{FAE04EC0-301F-11D3-BF4B-00C04F79EFBC}") = "Qinshift.Class11", "Qinshift.Class11\Qinshift.Class11.csproj", "{894BDDBD-F7B3-4318-A6A2-09156779CA1B}"
EndProject
Global
	GlobalSection(SolutionConfigurationPlatforms) = preSolution
		Debug|Any CPU = Debug|Any CPU
		Release|Any CPU = Release|Any CPU
	EndGlobalSection
	GlobalSection(ProjectConfigurationPlatforms) = postSolution
		{894BDDBD-F7B3-4318-A6A2-09156779CA1B}.Debug|Any CPU.ActiveCfg = Debug|Any CPU
		{894BDDBD-F7B3-4318-A6A2-09156779CA1B}.Debug|Any CPU.Build.0 = Debug|Any CPU
		{894BDDBD-F7B3-4318-A6A2-09156779CA1B}.Release|Any CPU.ActiveCfg = Release|Any CPU
		{894BDDBD-F7B3-4318-A6A2-09156779CA1B}.Release|Any CPU.Build.0 = Release|Any CPU
	EndGlobalSection
	GlobalSection(SolutionProperties) = preSolution
		HideSolutionNode = FALSE
	EndGlobalSection
	GlobalSection(ExtensibilityGlobals) = postSolution
		SolutionGuid = {3D223892-CFD5-4C79-9795-0CE61E089D21}
	EndGlobalSection
EndGlobal
