
Microsoft Visual Studio Solution File, Format Version 12.00
# Visual Studio Version 17
VisualStudioVersion = 17.14.36127.28 d17.14
MinimumVisualStudioVersion = 10.0.40219.1
Project("{FAE04EC0-301F-11D3-BF4B-00C04F79EFBC}") = "Qinshift.Threads", "Qinshift.Threads\Qinshift.Threads.csproj", "{685DD973-D361-46E9-8B33-0616A2019D1B}"
EndProject
Global
	GlobalSection(SolutionConfigurationPlatforms) = preSolution
		Debug|Any CPU = Debug|Any CPU
		Release|Any CPU = Release|Any CPU
	EndGlobalSection
	GlobalSection(ProjectConfigurationPlatforms) = postSolution
		{685DD973-D361-46E9-8B33-0616A2019D1B}.Debug|Any CPU.ActiveCfg = Debug|Any CPU
		{685DD973-D361-46E9-8B33-0616A2019D1B}.Debug|Any CPU.Build.0 = Debug|Any CPU
		{685DD973-D361-46E9-8B33-0616A2019D1B}.Release|Any CPU.ActiveCfg = Release|Any CPU
		{685DD973-D361-46E9-8B33-0616A2019D1B}.Release|Any CPU.Build.0 = Release|Any CPU
	EndGlobalSection
	GlobalSection(SolutionProperties) = preSolution
		HideSolutionNode = FALSE
	EndGlobalSection
	GlobalSection(ExtensibilityGlobals) = postSolution
		SolutionGuid = {1BDA16A6-700F-4098-8304-3F180FC160BF}
	EndGlobalSection
EndGlobal
